// !$*UTF8*$!
{
	archiveVersion = 1;
	classes = {
	};
	objectVersion = 46;
	objects = {

/* Begin PBXBuildFile section */
		CC3762BF1978FB440049B0D9 /* Foundation.framework in Frameworks */ = {isa = PBXBuildFile; fileRef = CC3762BE1978FB440049B0D9 /* Foundation.framework */; };
		CC3762C11978FB440049B0D9 /* CoreGraphics.framework in Frameworks */ = {isa = PBXBuildFile; fileRef = CC3762C01978FB440049B0D9 /* CoreGraphics.framework */; };
		CC3762C31978FB440049B0D9 /* UIKit.framework in Frameworks */ = {isa = PBXBuildFile; fileRef = CC3762C21978FB440049B0D9 /* UIKit.framework */; };
		CC3762C91978FB440049B0D9 /* InfoPlist.strings in Resources */ = {isa = PBXBuildFile; fileRef = CC3762C71978FB440049B0D9 /* InfoPlist.strings */; };
		CC3762CB1978FB440049B0D9 /* main.m in Sources */ = {isa = PBXBuildFile; fileRef = CC3762CA1978FB440049B0D9 /* main.m */; };
		CC3762CF1978FB440049B0D9 /* AppDelegate.m in Sources */ = {isa = PBXBuildFile; fileRef = CC3762CE1978FB440049B0D9 /* AppDelegate.m */; };
		CC3762D21978FB440049B0D9 /* Main.storyboard in Resources */ = {isa = PBXBuildFile; fileRef = CC3762D01978FB440049B0D9 /* Main.storyboard */; };
		CC3762D51978FB440049B0D9 /* ViewController.m in Sources */ = {isa = PBXBuildFile; fileRef = CC3762D41978FB440049B0D9 /* ViewController.m */; };
		CC3762D71978FB440049B0D9 /* Images.xcassets in Resources */ = {isa = PBXBuildFile; fileRef = CC3762D61978FB440049B0D9 /* Images.xcassets */; };
		CC3762DE1978FB440049B0D9 /* XCTest.framework in Frameworks */ = {isa = PBXBuildFile; fileRef = CC3762DD1978FB440049B0D9 /* XCTest.framework */; };
		CC3762DF1978FB440049B0D9 /* Foundation.framework in Frameworks */ = {isa = PBXBuildFile; fileRef = CC3762BE1978FB440049B0D9 /* Foundation.framework */; };
		CC3762E01978FB440049B0D9 /* UIKit.framework in Frameworks */ = {isa = PBXBuildFile; fileRef = CC3762C21978FB440049B0D9 /* UIKit.framework */; };
		CC3762E81978FB450049B0D9 /* InfoPlist.strings in Resources */ = {isa = PBXBuildFile; fileRef = CC3762E61978FB450049B0D9 /* InfoPlist.strings */; };
		CC3762EA1978FB450049B0D9 /* ___2_0Tests.m in Sources */ = {isa = PBXBuildFile; fileRef = CC3762E91978FB450049B0D9 /* ___2_0Tests.m */; };
/* End PBXBuildFile section */

/* Begin PBXContainerItemProxy section */
		CC3762E11978FB450049B0D9 /* PBXContainerItemProxy */ = {
			isa = PBXContainerItemProxy;
			containerPortal = CC3762B31978FB440049B0D9 /* Project object */;
			proxyType = 1;
			remoteGlobalIDString = CC3762BA1978FB440049B0D9;
			remoteInfo = "倾音乐2.0";
		};
/* End PBXContainerItemProxy section */

/* Begin PBXFileReference section */
		CC3762BB1978FB440049B0D9 /* 倾音乐2.0.app */ = {isa = PBXFileReference; explicitFileType = wrapper.application; includeInIndex = 0; path = "倾音乐2.0.app"; sourceTree = BUILT_PRODUCTS_DIR; };
		CC3762BE1978FB440049B0D9 /* Foundation.framework */ = {isa = PBXFileReference; lastKnownFileType = wrapper.framework; name = Foundation.framework; path = System/Library/Frameworks/Foundation.framework; sourceTree = SDKROOT; };
		CC3762C01978FB440049B0D9 /* CoreGraphics.framework */ = {isa = PBXFileReference; lastKnownFileType = wrapper.framework; name = CoreGraphics.framework; path = System/Library/Frameworks/CoreGraphics.framework; sourceTree = SDKROOT; };
		CC3762C21978FB440049B0D9 /* UIKit.framework */ = {isa = PBXFileReference; lastKnownFileType = wrapper.framework; name = UIKit.framework; path = System/Library/Frameworks/UIKit.framework; sourceTree = SDKROOT; };
		CC3762C61978FB440049B0D9 /* 倾音乐2.0-Info.plist */ = {isa = PBXFileReference; lastKnownFileType = text.plist.xml; path = "倾音乐2.0-Info.plist"; sourceTree = "<group>"; };
		CC3762C81978FB440049B0D9 /* en */ = {isa = PBXFileReference; lastKnownFileType = text.plist.strings; name = en; path = en.lproj/InfoPlist.strings; sourceTree = "<group>"; };
		CC3762CA1978FB440049B0D9 /* main.m */ = {isa = PBXFileReference; lastKnownFileType = sourcecode.c.objc; path = main.m; sourceTree = "<group>"; };
		CC3762CC1978FB440049B0D9 /* 倾音乐2.0-Prefix.pch */ = {isa = PBXFileReference; lastKnownFileType = sourcecode.c.h; path = "倾音乐2.0-Prefix.pch"; sourceTree = "<group>"; };
		CC3762CD1978FB440049B0D9 /* AppDelegate.h */ = {isa = PBXFileReference; lastKnownFileType = sourcecode.c.h; path = AppDelegate.h; sourceTree = "<group>"; };
		CC3762CE1978FB440049B0D9 /* AppDelegate.m */ = {isa = PBXFileReference; lastKnownFileType = sourcecode.c.objc; path = AppDelegate.m; sourceTree = "<group>"; };
		CC3762D11978FB440049B0D9 /* Base */ = {isa = PBXFileReference; lastKnownFileType = file.storyboard; name = Base; path = Base.lproj/Main.storyboard; sourceTree = "<group>"; };
		CC3762D31978FB440049B0D9 /* ViewController.h */ = {isa = PBXFileReference; lastKnownFileType = sourcecode.c.h; path = ViewController.h; sourceTree = "<group>"; };
		CC3762D41978FB440049B0D9 /* ViewController.m */ = {isa = PBXFileReference; lastKnownFileType = sourcecode.c.objc; path = ViewController.m; sourceTree = "<group>"; };
		CC3762D61978FB440049B0D9 /* Images.xcassets */ = {isa = PBXFileReference; lastKnownFileType = folder.assetcatalog; path = Images.xcassets; sourceTree = "<group>"; };
		CC3762DC1978FB440049B0D9 /* 倾音乐2.0Tests.xctest */ = {isa = PBXFileReference; explicitFileType = wrapper.cfbundle; includeInIndex = 0; path = "倾音乐2.0Tests.xctest"; sourceTree = BUILT_PRODUCTS_DIR; };
		CC3762DD1978FB440049B0D9 /* XCTest.framework */ = {isa = PBXFileReference; lastKnownFileType = wrapper.framework; name = XCTest.framework; path = Library/Frameworks/XCTest.framework; sourceTree = DEVELOPER_DIR; };
		CC3762E51978FB450049B0D9 /* 倾音乐2.0Tests-Info.plist */ = {isa = PBXFileReference; lastKnownFileType = text.plist.xml; path = "倾音乐2.0Tests-Info.plist"; sourceTree = "<group>"; };
		CC3762E71978FB450049B0D9 /* en */ = {isa = PBXFileReference; lastKnownFileType = text.plist.strings; name = en; path = en.lproj/InfoPlist.strings; sourceTree = "<group>"; };
		CC3762E91978FB450049B0D9 /* ___2_0Tests.m */ = {isa = PBXFileReference; lastKnownFileType = sourcecode.c.objc; path = "___2_0Tests.m"; sourceTree = "<group>"; };
/* End PBXFileReference section */

/* Begin PBXFrameworksBuildPhase section */
		CC3762B81978FB440049B0D9 /* Frameworks */ = {
			isa = PBXFrameworksBuildPhase;
			buildActionMask = 2147483647;
			files = (
				CC3762C11978FB440049B0D9 /* CoreGraphics.framework in Frameworks */,
				CC3762C31978FB440049B0D9 /* UIKit.framework in Frameworks */,
				CC3762BF1978FB440049B0D9 /* Foundation.framework in Frameworks */,
			);
			runOnlyForDeploymentPostprocessing = 0;
		};
		CC3762D91978FB440049B0D9 /* Frameworks */ = {
			isa = PBXFrameworksBuildPhase;
			buildActionMask = 2147483647;
			files = (
				CC3762DE1978FB440049B0D9 /* XCTest.framework in Frameworks */,
				CC3762E01978FB440049B0D9 /* UIKit.framework in Frameworks */,
				CC3762DF1978FB440049B0D9 /* Foundation.framework in Frameworks */,
			);
			runOnlyForDeploymentPostprocessing = 0;
		};
/* End PBXFrameworksBuildPhase section */

/* Begin PBXGroup section */
		CC3762B21978FB440049B0D9 = {
			isa = PBXGroup;
			children = (
				CC3762C41978FB440049B0D9 /* 倾音乐2.0 */,
				CC3762E31978FB450049B0D9 /* 倾音乐2.0Tests */,
				CC3762BD1978FB440049B0D9 /* Frameworks */,
				CC3762BC1978FB440049B0D9 /* Products */,
			);
			sourceTree = "<group>";
		};
		CC3762BC1978FB440049B0D9 /* Products */ = {
			isa = PBXGroup;
			children = (
				CC3762BB1978FB440049B0D9 /* 倾音乐2.0.app */,
				CC3762DC1978FB440049B0D9 /* 倾音乐2.0Tests.xctest */,
			);
			name = Products;
			sourceTree = "<group>";
		};
		CC3762BD1978FB440049B0D9 /* Frameworks */ = {
			isa = PBXGroup;
			children = (
				CC3762BE1978FB440049B0D9 /* Foundation.framework */,
				CC3762C01978FB440049B0D9 /* CoreGraphics.framework */,
				CC3762C21978FB440049B0D9 /* UIKit.framework */,
				CC3762DD1978FB440049B0D9 /* XCTest.framework */,
			);
			name = Frameworks;
			sourceTree = "<group>";
		};
		CC3762C41978FB440049B0D9 /* 倾音乐2.0 */ = {
			isa = PBXGroup;
			children = (
				CC3762CD1978FB440049B0D9 /* AppDelegate.h */,
				CC3762CE1978FB440049B0D9 /* AppDelegate.m */,
				CC3762D01978FB440049B0D9 /* Main.storyboard */,
				CC3762D31978FB440049B0D9 /* ViewController.h */,
				CC3762D41978FB440049B0D9 /* ViewController.m */,
				CC3762D61978FB440049B0D9 /* Images.xcassets */,
				CC3762C51978FB440049B0D9 /* Supporting Files */,
			);
			path = "倾音乐2.0";
			sourceTree = "<group>";
		};
		CC3762C51978FB440049B0D9 /* Supporting Files */ = {
			isa = PBXGroup;
			children = (
				CC3762C61978FB440049B0D9 /* 倾音乐2.0-Info.plist */,
				CC3762C71978FB440049B0D9 /* InfoPlist.strings */,
				CC3762CA1978FB440049B0D9 /* main.m */,
				CC3762CC1978FB440049B0D9 /* 倾音乐2.0-Prefix.pch */,
			);
			name = "Supporting Files";
			sourceTree = "<group>";
		};
		CC3762E31978FB450049B0D9 /* 倾音乐2.0Tests */ = {
			isa = PBXGroup;
			children = (
				CC3762E91978FB450049B0D9 /* ___2_0Tests.m */,
				CC3762E41978FB450049B0D9 /* Supporting Files */,
			);
			path = "倾音乐2.0Tests";
			sourceTree = "<group>";
		};
		CC3762E41978FB450049B0D9 /* Supporting Files */ = {
			isa = PBXGroup;
			children = (
				CC3762E51978FB450049B0D9 /* 倾音乐2.0Tests-Info.plist */,
				CC3762E61978FB450049B0D9 /* InfoPlist.strings */,
			);
			name = "Supporting Files";
			sourceTree = "<group>";
		};
/* End PBXGroup section */

/* Begin PBXNativeTarget section */
		CC3762BA1978FB440049B0D9 /* 倾音乐2.0 */ = {
			isa = PBXNativeTarget;
			buildConfigurationList = CC3762ED1978FB450049B0D9 /* Build configuration list for PBXNativeTarget "倾音乐2.0" */;
			buildPhases = (
				CC3762B71978FB440049B0D9 /* Sources */,
				CC3762B81978FB440049B0D9 /* Frameworks */,
				CC3762B91978FB440049B0D9 /* Resources */,
			);
			buildRules = (
			);
			dependencies = (
			);
			name = "倾音乐2.0";
			productName = "倾音乐2.0";
			productReference = CC3762BB1978FB440049B0D9 /* 倾音乐2.0.app */;
			productType = "com.apple.product-type.application";
		};
		CC3762DB1978FB440049B0D9 /* 倾音乐2.0Tests */ = {
			isa = PBXNativeTarget;
			buildConfigurationList = CC3762F01978FB450049B0D9 /* Build configuration list for PBXNativeTarget "倾音乐2.0Tests" */;
			buildPhases = (
				CC3762D81978FB440049B0D9 /* Sources */,
				CC3762D91978FB440049B0D9 /* Frameworks */,
				CC3762DA1978FB440049B0D9 /* Resources */,
			);
			buildRules = (
			);
			dependencies = (
				CC3762E21978FB450049B0D9 /* PBXTargetDependency */,
			);
			name = "倾音乐2.0Tests";
			productName = "倾音乐2.0Tests";
			productReference = CC3762DC1978FB440049B0D9 /* 倾音乐2.0Tests.xctest */;
			productType = "com.apple.product-type.bundle.unit-test";
		};
/* End PBXNativeTarget section */

/* Begin PBXProject section */
		CC3762B31978FB440049B0D9 /* Project object */ = {
			isa = PBXProject;
			attributes = {
				LastUpgradeCheck = 0510;
				ORGANIZATIONNAME = MJ;
				TargetAttributes = {
					CC3762DB1978FB440049B0D9 = {
						TestTargetID = CC3762BA1978FB440049B0D9;
					};
				};
			};
			buildConfigurationList = CC3762B61978FB440049B0D9 /* Build configuration list for PBXProject "倾音乐2.0" */;
			compatibilityVersion = "Xcode 3.2";
			developmentRegion = English;
			hasScannedForEncodings = 0;
			knownRegions = (
				en,
				Base,
			);
			mainGroup = CC3762B21978FB440049B0D9;
			productRefGroup = CC3762BC1978FB440049B0D9 /* Products */;
			projectDirPath = "";
			projectRoot = "";
			targets = (
				CC3762BA1978FB440049B0D9 /* 倾音乐2.0 */,
				CC3762DB1978FB440049B0D9 /* 倾音乐2.0Tests */,
			);
		};
/* End PBXProject section */

/* Begin PBXResourcesBuildPhase section */
		CC3762B91978FB440049B0D9 /* Resources */ = {
			isa = PBXResourcesBuildPhase;
			buildActionMask = 2147483647;
			files = (
				CC3762D71978FB440049B0D9 /* Images.xcassets in Resources */,
				CC3762C91978FB440049B0D9 /* InfoPlist.strings in Resources */,
				CC3762D21978FB440049B0D9 /* Main.storyboard in Resources */,
			);
			runOnlyForDeploymentPostprocessing = 0;
		};
		CC3762DA1978FB440049B0D9 /* Resources */ = {
			isa = PBXResourcesBuildPhase;
			buildActionMask = 2147483647;
			files = (
				CC3762E81978FB450049B0D9 /* InfoPlist.strings in Resources */,
			);
			runOnlyForDeploymentPostprocessing = 0;
		};
/* End PBXResourcesBuildPhase section */

/* Begin PBXSourcesBuildPhase section */
		CC3762B71978FB440049B0D9 /* Sources */ = {
			isa = PBXSourcesBuildPhase;
			buildActionMask = 2147483647;
			files = (
				CC3762D51978FB440049B0D9 /* ViewController.m in Sources */,
				CC3762CF1978FB440049B0D9 /* AppDelegate.m in Sources */,
				CC3762CB1978FB440049B0D9 /* main.m in Sources */,
			);
			runOnlyForDeploymentPostprocessing = 0;
		};
		CC3762D81978FB440049B0D9 /* Sources */ = {
			isa = PBXSourcesBuildPhase;
			buildActionMask = 2147483647;
			files = (
				CC3762EA1978FB450049B0D9 /* ___2_0Tests.m in Sources */,
			);
			runOnlyForDeploymentPostprocessing = 0;
		};
/* End PBXSourcesBuildPhase section */

/* Begin PBXTargetDependency section */
		CC3762E21978FB450049B0D9 /* PBXTargetDependency */ = {
			isa = PBXTargetDependency;
			target = CC3762BA1978FB440049B0D9 /* 倾音乐2.0 */;
			targetProxy = CC3762E11978FB450049B0D9 /* PBXContainerItemProxy */;
		};
/* End PBXTargetDependency section */

/* Begin PBXVariantGroup section */
		CC3762C71978FB440049B0D9 /* InfoPlist.strings */ = {
			isa = PBXVariantGroup;
			children = (
				CC3762C81978FB440049B0D9 /* en */,
			);
			name = InfoPlist.strings;
			sourceTree = "<group>";
		};
		CC3762D01978FB440049B0D9 /* Main.storyboard */ = {
			isa = PBXVariantGroup;
			children = (
				CC3762D11978FB440049B0D9 /* Base */,
			);
			name = Main.storyboard;
			sourceTree = "<group>";
		};
		CC3762E61978FB450049B0D9 /* InfoPlist.strings */ = {
			isa = PBXVariantGroup;
			children = (
				CC3762E71978FB450049B0D9 /* en */,
			);
			name = InfoPlist.strings;
			sourceTree = "<group>";
		};
/* End PBXVariantGroup section */

/* Begin XCBuildConfiguration section */
		CC3762EB1978FB450049B0D9 /* Debug */ = {
			isa = XCBuildConfiguration;
			buildSettings = {
				ALWAYS_SEARCH_USER_PATHS = NO;
				CLANG_CXX_LANGUAGE_STANDARD = "gnu++0x";
				CLANG_CXX_LIBRARY = "libc++";
				CLANG_ENABLE_MODULES = YES;
				CLANG_ENABLE_OBJC_ARC = YES;
				CLANG_WARN_BOOL_CONVERSION = YES;
				CLANG_WARN_CONSTANT_CONVERSION = YES;
				CLANG_WARN_DIRECT_OBJC_ISA_USAGE = YES_ERROR;
				CLANG_WARN_EMPTY_BODY = YES;
				CLANG_WARN_ENUM_CONVERSION = YES;
				CLANG_WARN_INT_CONVERSION = YES;
				CLANG_WARN_OBJC_ROOT_CLASS = YES_ERROR;
				CLANG_WARN__DUPLICATE_METHOD_MATCH = YES;
				"CODE_SIGN_IDENTITY[sdk=iphoneos*]" = "iPhone Developer";
				COPY_PHASE_STRIP = NO;
				GCC_C_LANGUAGE_STANDARD = gnu99;
				GCC_DYNAMIC_NO_PIC = NO;
				GCC_OPTIMIZATION_LEVEL = 0;
				GCC_PREPROCESSOR_DEFINITIONS = (
					"DEBUG=1",
					"$(inherited)",
				);
				GCC_SYMBOLS_PRIVATE_EXTERN = NO;
				GCC_WARN_64_TO_32_BIT_CONVERSION = YES;
				GCC_WARN_ABOUT_RETURN_TYPE = YES_ERROR;
				GCC_WARN_UNDECLARED_SELECTOR = YES;
				GCC_WARN_UNINITIALIZED_AUTOS = YES_AGGRESSIVE;
				GCC_WARN_UNUSED_FUNCTION = YES;
				GCC_WARN_UNUSED_VARIABLE = YES;
				IPHONEOS_DEPLOYMENT_TARGET = 7.1;
				ONLY_ACTIVE_ARCH = YES;
				SDKROOT = iphoneos;
			};
			name = Debug;
		};
		CC3762EC1978FB450049B0D9 /* Release */ = {
			isa = XCBuildConfiguration;
			buildSettings = {
				ALWAYS_SEARCH_USER_PATHS = NO;
				CLANG_CXX_LANGUAGE_STANDARD = "gnu++0x";
				CLANG_CXX_LIBRARY = "libc++";
				CLANG_ENABLE_MODULES = YES;
				CLANG_ENABLE_OBJC_ARC = YES;
				CLANG_WARN_BOOL_CONVERSION = YES;
				CLANG_WARN_CONSTANT_CONVERSION = YES;
				CLANG_WARN_DIRECT_OBJC_ISA_USAGE = YES_ERROR;
				CLANG_WARN_EMPTY_BODY = YES;
				CLANG_WARN_ENUM_CONVERSION = YES;
				CLANG_WARN_INT_CONVERSION = YES;
				CLANG_WARN_OBJC_ROOT_CLASS = YES_ERROR;
				CLANG_WARN__DUPLICATE_METHOD_MATCH = YES;
				"CODE_SIGN_IDENTITY[sdk=iphoneos*]" = "iPhone Developer";
				COPY_PHASE_STRIP = YES;
				ENABLE_NS_ASSERTIONS = NO;
				GCC_C_LANGUAGE_STANDARD = gnu99;
				GCC_WARN_64_TO_32_BIT_CONVERSION = YES;
				GCC_WARN_ABOUT_RETURN_TYPE = YES_ERROR;
				GCC_WARN_UNDECLARED_SELECTOR = YES;
				GCC_WARN_UNINITIALIZED_AUTOS = YES_AGGRESSIVE;
				GCC_WARN_UNUSED_FUNCTION = YES;
				GCC_WARN_UNUSED_VARIABLE = YES;
				IPHONEOS_DEPLOYMENT_TARGET = 7.1;
				SDKROOT = iphoneos;
				VALIDATE_PRODUCT = YES;
			};
			name = Release;
		};
		CC3762EE1978FB450049B0D9 /* Debug */ = {
			isa = XCBuildConfiguration;
			buildSettings = {
				ASSETCATALOG_COMPILER_APPICON_NAME = AppIcon;
				ASSETCATALOG_COMPILER_LAUNCHIMAGE_NAME = LaunchImage;
				GCC_PRECOMPILE_PREFIX_HEADER = YES;
				GCC_PREFIX_HEADER = "倾音乐2.0/倾音乐2.0-Prefix.pch";
				INFOPLIST_FILE = "倾音乐2.0/倾音乐2.0-Info.plist";
				PRODUCT_NAME = "$(TARGET_NAME)";
				WRAPPER_EXTENSION = app;
			};
			name = Debug;
		};
		CC3762EF1978FB450049B0D9 /* Release */ = {
			isa = XCBuildConfiguration;
			buildSettings = {
				ASSETCATALOG_COMPILER_APPICON_NAME = AppIcon;
				ASSETCATALOG_COMPILER_LAUNCHIMAGE_NAME = LaunchImage;
				GCC_PRECOMPILE_PREFIX_HEADER = YES;
				GCC_PREFIX_HEADER = "倾音乐2.0/倾音乐2.0-Prefix.pch";
				INFOPLIST_FILE = "倾音乐2.0/倾音乐2.0-Info.plist";
				PRODUCT_NAME = "$(TARGET_NAME)";
				WRAPPER_EXTENSION = app;
			};
			name = Release;
		};
		CC3762F11978FB450049B0D9 /* Debug */ = {
			isa = XCBuildConfiguration;
			buildSettings = {
				BUNDLE_LOADER = "$(BUILT_PRODUCTS_DIR)/倾音乐2.0.app/倾音乐2.0";
				FRAMEWORK_SEARCH_PATHS = (
					"$(SDKROOT)/Developer/Library/Frameworks",
					"$(inherited)",
					"$(DEVELOPER_FRAMEWORKS_DIR)",
				);
				GCC_PRECOMPILE_PREFIX_HEADER = YES;
				GCC_PREFIX_HEADER = "倾音乐2.0/倾音乐2.0-Prefix.pch";
				GCC_PREPROCESSOR_DEFINITIONS = (
					"DEBUG=1",
					"$(inherited)",
				);
				INFOPLIST_FILE = "倾音乐2.0Tests/倾音乐2.0Tests-Info.plist";
				PRODUCT_NAME = "$(TARGET_NAME)";
				TEST_HOST = "$(BUNDLE_LOADER)";
				WRAPPER_EXTENSION = xctest;
			};
			name = Debug;
		};
		CC3762F21978FB450049B0D9 /* Release */ = {
			isa = XCBuildConfiguration;
			buildSettings = {
				BUNDLE_LOADER = "$(BUILT_PRODUCTS_DIR)/倾音乐2.0.app/倾音乐2.0";
				FRAMEWORK_SEARCH_PATHS = (
					"$(SDKROOT)/Developer/Library/Frameworks",
					"$(inherited)",
					"$(DEVELOPER_FRAMEWORKS_DIR)",
				);
				GCC_PRECOMPILE_PREFIX_HEADER = YES;
				GCC_PREFIX_HEADER = "倾音乐2.0/倾音乐2.0-Prefix.pch";
				INFOPLIST_FILE = "倾音乐2.0Tests/倾音乐2.0Tests-Info.plist";
				PRODUCT_NAME = "$(TARGET_NAME)";
				TEST_HOST = "$(BUNDLE_LOADER)";
				WRAPPER_EXTENSION = xctest;
			};
			name = Release;
		};
/* End XCBuildConfiguration section */

/* Begin XCConfigurationList section */
		CC3762B61978FB440049B0D9 /* Build configuration list for PBXProject "倾音乐2.0" */ = {
			isa = XCConfigurationList;
			buildConfigurations = (
				CC3762EB1978FB450049B0D9 /* Debug */,
				CC3762EC1978FB450049B0D9 /* Release */,
			);
			defaultConfigurationIsVisible = 0;
			defaultConfigurationName = Release;
		};
		CC3762ED1978FB450049B0D9 /* Build configuration list for PBXNativeTarget "倾音乐2.0" */ = {
			isa = XCConfigurationList;
			buildConfigurations = (
				CC3762EE1978FB450049B0D9 /* Debug */,
				CC3762EF1978FB450049B0D9 /* Release */,
			);
			defaultConfigurationIsVisible = 0;
		};
		CC3762F01978FB450049B0D9 /* Build configuration list for PBXNativeTarget "倾音乐2.0Tests" */ = {
			isa = XCConfigurationList;
			buildConfigurations = (
				CC3762F11978FB450049B0D9 /* Debug */,
				CC3762F21978FB450049B0D9 /* Release */,
			);
			defaultConfigurationIsVisible = 0;
		};
/* End XCConfigurationList section */
	};
	rootObject = CC3762B31978FB440049B0D9 /* Project object */;
}
